{
  "object": {
    "pins": [
      {
        "package": "DecoreStorage",
        "repositoryURL": "git@github.com:MaximBazarov/DecoreStorage.git",
        "state": {
          "branch": null,
          "revision": "71330904ba82acaf9e1df5ad890f4270f9e6439a",
          "version": "0.1.0"
        }
      }
    ]
  },
  "version": 1
}
